// !$*UTF8*$!
{
	archiveVersion = 1;
	classes = {
	};
	objectVersion = 46;
	objects = {

/* Begin PBXBuildFile section */
		110925FF1DC990EE00158344 /* main.m in Sources */ = {isa = PBXBuildFile; fileRef = 110925FE1DC990EE00158344 /* main.m */; };
		110926021DC990EE00158344 /* AppDelegate.m in Sources */ = {isa = PBXBuildFile; fileRef = 110926011DC990EE00158344 /* AppDelegate.m */; };
		110926051DC990EE00158344 /* ViewController.m in Sources */ = {isa = PBXBuildFile; fileRef = 110926041DC990EE00158344 /* ViewController.m */; };
		110926081DC990EE00158344 /* Main.storyboard in Resources */ = {isa = PBXBuildFile; fileRef = 110926061DC990EE00158344 /* Main.storyboard */; };
		1109260A1DC990EE00158344 /* Assets.xcassets in Resources */ = {isa = PBXBuildFile; fileRef = 110926091DC990EE00158344 /* Assets.xcassets */; };
		1109260D1DC990EE00158344 /* LaunchScreen.storyboard in Resources */ = {isa = PBXBuildFile; fileRef = 1109260B1DC990EE00158344 /* LaunchScreen.storyboard */; };
		110926181DC9911D00158344 /* SecondViewController.m in Sources */ = {isa = PBXBuildFile; fileRef = 110926151DC9911D00158344 /* SecondViewController.m */; };
		110926191DC9911D00158344 /* ThirdViewController.m in Sources */ = {isa = PBXBuildFile; fileRef = 110926171DC9911D00158344 /* ThirdViewController.m */; };
		1109261D1DC9919000158344 /* UINavigationBar+NavigationBarBackground.m in Sources */ = {isa = PBXBuildFile; fileRef = 1109261C1DC9919000158344 /* UINavigationBar+NavigationBarBackground.m */; };
/* End PBXBuildFile section */

/* Begin PBXFileReference section */
		110925FA1DC990EE00158344 /* UINavigationBarBackground.app */ = {isa = PBXFileReference; explicitFileType = wrapper.application; includeInIndex = 0; path = UINavigationBarBackground.app; sourceTree = BUILT_PRODUCTS_DIR; };
		110925FE1DC990EE00158344 /* main.m */ = {isa = PBXFileReference; lastKnownFileType = sourcecode.c.objc; path = main.m; sourceTree = "<group>"; };
		110926001DC990EE00158344 /* AppDelegate.h */ = {isa = PBXFileReference; lastKnownFileType = sourcecode.c.h; path = AppDelegate.h; sourceTree = "<group>"; };
		110926011DC990EE00158344 /* AppDelegate.m */ = {isa = PBXFileReference; lastKnownFileType = sourcecode.c.objc; path = AppDelegate.m; sourceTree = "<group>"; };
		110926031DC990EE00158344 /* ViewController.h */ = {isa = PBXFileReference; lastKnownFileType = sourcecode.c.h; path = ViewController.h; sourceTree = "<group>"; };
		110926041DC990EE00158344 /* ViewController.m */ = {isa = PBXFileReference; lastKnownFileType = sourcecode.c.objc; path = ViewController.m; sourceTree = "<group>"; };
		110926071DC990EE00158344 /* Base */ = {isa = PBXFileReference; lastKnownFileType = file.storyboard; name = Base; path = Base.lproj/Main.storyboard; sourceTree = "<group>"; };
		110926091DC990EE00158344 /* Assets.xcassets */ = {isa = PBXFileReference; lastKnownFileType = folder.assetcatalog; path = Assets.xcassets; sourceTree = "<group>"; };
		1109260C1DC990EE00158344 /* Base */ = {isa = PBXFileReference; lastKnownFileType = file.storyboard; name = Base; path = Base.lproj/LaunchScreen.storyboard; sourceTree = "<group>"; };
		1109260E1DC990EE00158344 /* Info.plist */ = {isa = PBXFileReference; lastKnownFileType = text.plist.xml; path = Info.plist; sourceTree = "<group>"; };
		110926141DC9911D00158344 /* SecondViewController.h */ = {isa = PBXFileReference; fileEncoding = 4; lastKnownFileType = sourcecode.c.h; path = SecondViewController.h; sourceTree = "<group>"; };
		110926151DC9911D00158344 /* SecondViewController.m */ = {isa = PBXFileReference; fileEncoding = 4; lastKnownFileType = sourcecode.c.objc; path = SecondViewController.m; sourceTree = "<group>"; };
		110926161DC9911D00158344 /* ThirdViewController.h */ = {isa = PBXFileReference; fileEncoding = 4; lastKnownFileType = sourcecode.c.h; path = ThirdViewController.h; sourceTree = "<group>"; };
		110926171DC9911D00158344 /* ThirdViewController.m */ = {isa = PBXFileReference; fileEncoding = 4; lastKnownFileType = sourcecode.c.objc; path = ThirdViewController.m; sourceTree = "<group>"; };
		1109261B1DC9919000158344 /* UINavigationBar+NavigationBarBackground.h */ = {isa = PBXFileReference; fileEncoding = 4; lastKnownFileType = sourcecode.c.h; path = "UINavigationBar+NavigationBarBackground.h"; sourceTree = "<group>"; };
		1109261C1DC9919000158344 /* UINavigationBar+NavigationBarBackground.m */ = {isa = PBXFileReference; fileEncoding = 4; lastKnownFileType = sourcecode.c.objc; path = "UINavigationBar+NavigationBarBackground.m"; sourceTree = "<group>"; };
/* End PBXFileReference section */

/* Begin PBXFrameworksBuildPhase section */
		110925F71DC990EE00158344 /* Frameworks */ = {
			isa = PBXFrameworksBuildPhase;
			buildActionMask = 2147483647;
			files = (
			);
			runOnlyForDeploymentPostprocessing = 0;
		};
/* End PBXFrameworksBuildPhase section */

/* Begin PBXGroup section */
		110925F11DC990EE00158344 = {
			isa = PBXGroup;
			children = (
				110925FC1DC990EE00158344 /* UINavigationBarBackground */,
				110925FB1DC990EE00158344 /* Products */,
			);
			sourceTree = "<group>";
		};
		110925FB1DC990EE00158344 /* Products */ = {
			isa = PBXGroup;
			children = (
				110925FA1DC990EE00158344 /* UINavigationBarBackground.app */,
			);
			name = Products;
			sourceTree = "<group>";
		};
		110925FC1DC990EE00158344 /* UINavigationBarBackground */ = {
			isa = PBXGroup;
			children = (
				1109261A1DC9919000158344 /* UINavigationBar + FLUnits */,
				110926001DC990EE00158344 /* AppDelegate.h */,
				110926011DC990EE00158344 /* AppDelegate.m */,
				110926031DC990EE00158344 /* ViewController.h */,
				110926041DC990EE00158344 /* ViewController.m */,
				110926141DC9911D00158344 /* SecondViewController.h */,
				110926151DC9911D00158344 /* SecondViewController.m */,
				110926161DC9911D00158344 /* ThirdViewController.h */,
				110926171DC9911D00158344 /* ThirdViewController.m */,
				110926061DC990EE00158344 /* Main.storyboard */,
				110926091DC990EE00158344 /* Assets.xcassets */,
				1109260B1DC990EE00158344 /* LaunchScreen.storyboard */,
				1109260E1DC990EE00158344 /* Info.plist */,
				110925FD1DC990EE00158344 /* Supporting Files */,
			);
			path = UINavigationBarBackground;
			sourceTree = "<group>";
		};
		110925FD1DC990EE00158344 /* Supporting Files */ = {
			isa = PBXGroup;
			children = (
				110925FE1DC990EE00158344 /* main.m */,
			);
			name = "Supporting Files";
			sourceTree = "<group>";
		};
		1109261A1DC9919000158344 /* UINavigationBar + FLUnits */ = {
			isa = PBXGroup;
			children = (
				1109261B1DC9919000158344 /* UINavigationBar+NavigationBarBackground.h */,
				1109261C1DC9919000158344 /* UINavigationBar+NavigationBarBackground.m */,
			);
			path = "UINavigationBar + FLUnits";
			sourceTree = "<group>";
		};
/* End PBXGroup section */

/* Begin PBXNativeTarget section */
		110925F91DC990EE00158344 /* UINavigationBarBackground */ = {
			isa = PBXNativeTarget;
			buildConfigurationList = 110926111DC990EE00158344 /* Build configuration list for PBXNativeTarget "UINavigationBarBackground" */;
			buildPhases = (
				110925F61DC990EE00158344 /* Sources */,
				110925F71DC990EE00158344 /* Frameworks */,
				110925F81DC990EE00158344 /* Resources */,
			);
			buildRules = (
			);
			dependencies = (
			);
			name = UINavigationBarBackground;
			productName = UINavigationBarBackground;
			productReference = 110925FA1DC990EE00158344 /* UINavigationBarBackground.app */;
			productType = "com.apple.product-type.application";
		};
/* End PBXNativeTarget section */

/* Begin PBXProject section */
		110925F21DC990EE00158344 /* Project object */ = {
			isa = PBXProject;
			attributes = {
				LastUpgradeCheck = 0800;
				ORGANIZATIONNAME = clarence;
				TargetAttributes = {
					110925F91DC990EE00158344 = {
						CreatedOnToolsVersion = 8.0;
						DevelopmentTeam = WBE6X3QR49;
						ProvisioningStyle = Automatic;
					};
				};
			};
			buildConfigurationList = 110925F51DC990EE00158344 /* Build configuration list for PBXProject "UINavigationBarBackground" */;
			compatibilityVersion = "Xcode 3.2";
			developmentRegion = English;
			hasScannedForEncodings = 0;
			knownRegions = (
				en,
				Base,
			);
			mainGroup = 110925F11DC990EE00158344;
			productRefGroup = 110925FB1DC990EE00158344 /* Products */;
			projectDirPath = "";
			projectRoot = "";
			targets = (
				110925F91DC990EE00158344 /* UINavigationBarBackground */,
			);
		};
/* End PBXProject section */

/* Begin PBXResourcesBuildPhase section */
		110925F81DC990EE00158344 /* Resources */ = {
			isa = PBXResourcesBuildPhase;
			buildActionMask = 2147483647;
			files = (
				1109260D1DC990EE00158344 /* LaunchScreen.storyboard in Resources */,
				1109260A1DC990EE00158344 /* Assets.xcassets in Resources */,
				110926081DC990EE00158344 /* Main.storyboard in Resources */,
			);
			runOnlyForDeploymentPostprocessing = 0;
		};
/* End PBXResourcesBuildPhase section */

/* Begin PBXSourcesBuildPhase section */
		110925F61DC990EE00158344 /* Sources */ = {
			isa = PBXSourcesBuildPhase;
			buildActionMask = 2147483647;
			files = (
				110926181DC9911D00158344 /* SecondViewController.m in Sources */,
				110926191DC9911D00158344 /* ThirdViewController.m in Sources */,
				110926051DC990EE00158344 /* ViewController.m in Sources */,
				1109261D1DC9919000158344 /* UINavigationBar+NavigationBarBackground.m in Sources */,
				110926021DC990EE00158344 /* AppDelegate.m in Sources */,
				110925FF1DC990EE00158344 /* main.m in Sources */,
			);
			runOnlyForDeploymentPostprocessing = 0;
		};
/* End PBXSourcesBuildPhase section */

/* Begin PBXVariantGroup section */
		110926061DC990EE00158344 /* Main.storyboard */ = {
			isa = PBXVariantGroup;
			children = (
				110926071DC990EE00158344 /* Base */,
			);
			name = Main.storyboard;
			sourceTree = "<group>";
		};
		1109260B1DC990EE00158344 /* LaunchScreen.storyboard */ = {
			isa = PBXVariantGroup;
			children = (
				1109260C1DC990EE00158344 /* Base */,
			);
			name = LaunchScreen.storyboard;
			sourceTree = "<group>";
		};
/* End PBXVariantGroup section */

/* Begin XCBuildConfiguration section */
		1109260F1DC990EE00158344 /* Debug */ = {
			isa = XCBuildConfiguration;
			buildSettings = {
				ALWAYS_SEARCH_USER_PATHS = NO;
				CLANG_ANALYZER_NONNULL = YES;
				CLANG_CXX_LANGUAGE_STANDARD = "gnu++0x";
				CLANG_CXX_LIBRARY = "libc++";
				CLANG_ENABLE_MODULES = YES;
				CLANG_ENABLE_OBJC_ARC = YES;
				CLANG_WARN_BOOL_CONVERSION = YES;
				CLANG_WARN_CONSTANT_CONVERSION = YES;
				CLANG_WARN_DIRECT_OBJC_ISA_USAGE = YES_ERROR;
				CLANG_WARN_DOCUMENTATION_COMMENTS = YES;
				CLANG_WARN_EMPTY_BODY = YES;
				CLANG_WARN_ENUM_CONVERSION = YES;
				CLANG_WARN_INFINITE_RECURSION = YES;
				CLANG_WARN_INT_CONVERSION = YES;
				CLANG_WARN_OBJC_ROOT_CLASS = YES_ERROR;
				CLANG_WARN_SUSPICIOUS_MOVES = YES;
				CLANG_WARN_UNREACHABLE_CODE = YES;
				CLANG_WARN__DUPLICATE_METHOD_MATCH = YES;
				"CODE_SIGN_IDENTITY[sdk=iphoneos*]" = "iPhone Developer";
				COPY_PHASE_STRIP = NO;
				DEBUG_INFORMATION_FORMAT = dwarf;
				ENABLE_STRICT_OBJC_MSGSEND = YES;
				ENABLE_TESTABILITY = YES;
				GCC_C_LANGUAGE_STANDARD = gnu99;
				GCC_DYNAMIC_NO_PIC = NO;
				GCC_NO_COMMON_BLOCKS = YES;
				GCC_OPTIMIZATION_LEVEL = 0;
				GCC_PREPROCESSOR_DEFINITIONS = (
					"DEBUG=1",
					"$(inherited)",
				);
				GCC_WARN_64_TO_32_BIT_CONVERSION = YES;
				GCC_WARN_ABOUT_RETURN_TYPE = YES_ERROR;
				GCC_WARN_UNDECLARED_SELECTOR = YES;
				GCC_WARN_UNINITIALIZED_AUTOS = YES_AGGRESSIVE;
				GCC_WARN_UNUSED_FUNCTION = YES;
				GCC_WARN_UNUSED_VARIABLE = YES;
				IPHONEOS_DEPLOYMENT_TARGET = 8.1;
				MTL_ENABLE_DEBUG_INFO = YES;
				ONLY_ACTIVE_ARCH = YES;
				SDKROOT = iphoneos;
			};
			name = Debug;
		};
		110926101DC990EE00158344 /* Release */ = {
			isa = XCBuildConfiguration;
			buildSettings = {
				ALWAYS_SEARCH_USER_PATHS = NO;
				CLANG_ANALYZER_NONNULL = YES;
				CLANG_CXX_LANGUAGE_STANDARD = "gnu++0x";
				CLANG_CXX_LIBRARY = "libc++";
				CLANG_ENABLE_MODULES = YES;
				CLANG_ENABLE_OBJC_ARC = YES;
				CLANG_WARN_BOOL_CONVERSION = YES;
				CLANG_WARN_CONSTANT_CONVERSION = YES;
				CLANG_WARN_DIRECT_OBJC_ISA_USAGE = YES_ERROR;
				CLANG_WARN_DOCUMENTATION_COMMENTS = YES;
				CLANG_WARN_EMPTY_BODY = YES;
				CLANG_WARN_ENUM_CONVERSION = YES;
				CLANG_WARN_INFINITE_RECURSION = YES;
				CLANG_WARN_INT_CONVERSION = YES;
				CLANG_WARN_OBJC_ROOT_CLASS = YES_ERROR;
				CLANG_WARN_SUSPICIOUS_MOVES = YES;
				CLANG_WARN_UNREACHABLE_CODE = YES;
				CLANG_WARN__DUPLICATE_METHOD_MATCH = YES;
				"CODE_SIGN_IDENTITY[sdk=iphoneos*]" = "iPhone Developer";
				COPY_PHASE_STRIP = NO;
				DEBUG_INFORMATION_FORMAT = "dwarf-with-dsym";
				ENABLE_NS_ASSERTIONS = NO;
				ENABLE_STRICT_OBJC_MSGSEND = YES;
				GCC_C_LANGUAGE_STANDARD = gnu99;
				GCC_NO_COMMON_BLOCKS = YES;
				GCC_WARN_64_TO_32_BIT_CONVERSION = YES;
				GCC_WARN_ABOUT_RETURN_TYPE = YES_ERROR;
				GCC_WARN_UNDECLARED_SELECTOR = YES;
				GCC_WARN_UNINITIALIZED_AUTOS = YES_AGGRESSIVE;
				GCC_WARN_UNUSED_FUNCTION = YES;
				GCC_WARN_UNUSED_VARIABLE = YES;
				IPHONEOS_DEPLOYMENT_TARGET = 8.1;
				MTL_ENABLE_DEBUG_INFO = NO;
				SDKROOT = iphoneos;
				VALIDATE_PRODUCT = YES;
			};
			name = Release;
		};
		110926121DC990EE00158344 /* Debug */ = {
			isa = XCBuildConfiguration;
			buildSettings = {
				ASSETCATALOG_COMPILER_APPICON_NAME = AppIcon;
				DEVELOPMENT_TEAM = WBE6X3QR49;
				INFOPLIST_FILE = UINavigationBarBackground/Info.plist;
				IPHONEOS_DEPLOYMENT_TARGET = 8.1;
				LD_RUNPATH_SEARCH_PATHS = "$(inherited) @executable_path/Frameworks";
				PRODUCT_BUNDLE_IDENTIFIER = clarence.UINavigationBarBackground;
				PRODUCT_NAME = "$(TARGET_NAME)";
			};
			name = Debug;
		};
		110926131DC990EE00158344 /* Release */ = {
			isa = XCBuildConfiguration;
			buildSettings = {
				ASSETCATALOG_COMPILER_APPICON_NAME = AppIcon;
				DEVELOPMENT_TEAM = WBE6X3QR49;
				INFOPLIST_FILE = UINavigationBarBackground/Info.plist;
				IPHONEOS_DEPLOYMENT_TARGET = 8.1;
				LD_RUNPATH_SEARCH_PATHS = "$(inherited) @executable_path/Frameworks";
				PRODUCT_BUNDLE_IDENTIFIER = clarence.UINavigationBarBackground;
				PRODUCT_NAME = "$(TARGET_NAME)";
			};
			name = Release;
		};
/* End XCBuildConfiguration section */

/* Begin XCConfigurationList section */
		110925F51DC990EE00158344 /* Build configuration list for PBXProject "UINavigationBarBackground" */ = {
			isa = XCConfigurationList;
			buildConfigurations = (
				1109260F1DC990EE00158344 /* Debug */,
				110926101DC990EE00158344 /* Release */,
			);
			defaultConfigurationIsVisible = 0;
			defaultConfigurationName = Release;
		};
		110926111DC990EE00158344 /* Build configuration list for PBXNativeTarget "UINavigationBarBackground" */ = {
			isa = XCConfigurationList;
			buildConfigurations = (
				110926121DC990EE00158344 /* Debug */,
				110926131DC990EE00158344 /* Release */,
			);
			defaultConfigurationIsVisible = 0;
		};
/* End XCConfigurationList section */
	};
	rootObject = 110925F21DC990EE00158344 /* Project object */;
}
